{
  "requires": true,
  "lockfileVersion": 1,
  "dependencies": {
    "phosphor-react": {
      "version": "1.4.1",
      "resolved": "https://registry.npmjs.org/phosphor-react/-/phosphor-react-1.4.1.tgz",
      "integrity": "sha512-gO5j7U0xZrdglTAYDYPACU4xDOFBTJmptrrB/GeR+tHhCZF3nUMyGmV/0hnloKjuTrOmpSFlbfOY78H39rgjUQ=="
    }
  }
}
